
Microsoft Visual Studio Solution File, Format Version 12.00
# Visual Studio Version 17
VisualStudioVersion = 17.7.34003.232
MinimumVisualStudioVersion = 10.0.40219.1
Project("{FAE04EC0-301F-11D3-BF4B-00C04F79EFBC}") = "ImageDriveTransfer", "ImageDriveTransfer.csproj", "{33C76471-C4A0-47FC-9B1B-DE69C0A98794}"
EndProject
Global
	GlobalSection(SolutionConfigurationPlatforms) = preSolution
		Debug|Any CPU = Debug|Any CPU
		Release|Any CPU = Release|Any CPU
	EndGlobalSection
	GlobalSection(ProjectConfigurationPlatforms) = postSolution
		{33C76471-C4A0-47FC-9B1B-DE69C0A98794}.Debug|Any CPU.ActiveCfg = Debug|Any CPU
		{33C76471-C4A0-47FC-9B1B-DE69C0A98794}.Debug|Any CPU.Build.0 = Debug|Any CPU
		{33C76471-C4A0-47FC-9B1B-DE69C0A98794}.Release|Any CPU.ActiveCfg = Release|Any CPU
		{33C76471-C4A0-47FC-9B1B-DE69C0A98794}.Release|Any CPU.Build.0 = Release|Any CPU
	EndGlobalSection
	GlobalSection(SolutionProperties) = preSolution
		HideSolutionNode = FALSE
	EndGlobalSection
	GlobalSection(ExtensibilityGlobals) = postSolution
		SolutionGuid = {333DB426-9D1C-4851-BCE1-ABE3A886E026}
	EndGlobalSection
EndGlobal
